// !$*UTF8*$!
{
	archiveVersion = 1;
	classes = {
	};
	objectVersion = 46;
	objects = {

/* Begin PBXBuildFile section */
		0534C97916E2F50400EAD481 /* UIKit.framework in Frameworks */ = {isa = PBXBuildFile; fileRef = 0534C97816E2F50400EAD481 /* UIKit.framework */; };
		0534C97B16E2F50400EAD481 /* Foundation.framework in Frameworks */ = {isa = PBXBuildFile; fileRef = 0534C97A16E2F50400EAD481 /* Foundation.framework */; };
		0534C97D16E2F50400EAD481 /* CoreGraphics.framework in Frameworks */ = {isa = PBXBuildFile; fileRef = 0534C97C16E2F50400EAD481 /* CoreGraphics.framework */; };
		0534C98316E2F50400EAD481 /* InfoPlist.strings in Resources */ = {isa = PBXBuildFile; fileRef = 0534C98116E2F50400EAD481 /* InfoPlist.strings */; };
		0534C98516E2F50400EAD481 /* main.m in Sources */ = {isa = PBXBuildFile; fileRef = 0534C98416E2F50400EAD481 /* main.m */; };
		0534C98916E2F50400EAD481 /* AppDelegate.m in Sources */ = {isa = PBXBuildFile; fileRef = 0534C98816E2F50400EAD481 /* AppDelegate.m */; };
		0534C98B16E2F50400EAD481 /* Default.png in Resources */ = {isa = PBXBuildFile; fileRef = 0534C98A16E2F50400EAD481 /* Default.png */; };
		0534C98D16E2F50400EAD481 /* Default@2x.png in Resources */ = {isa = PBXBuildFile; fileRef = 0534C98C16E2F50400EAD481 /* Default@2x.png */; };
		0534C98F16E2F50400EAD481 /* Default-568h@2x.png in Resources */ = {isa = PBXBuildFile; fileRef = 0534C98E16E2F50400EAD481 /* Default-568h@2x.png */; };
		0534C99216E2F50400EAD481 /* ViewController.m in Sources */ = {isa = PBXBuildFile; fileRef = 0534C99116E2F50400EAD481 /* ViewController.m */; };
		0534C99516E2F50400EAD481 /* ViewController.xib in Resources */ = {isa = PBXBuildFile; fileRef = 0534C99316E2F50400EAD481 /* ViewController.xib */; };
		0534C9A516E2F8B100EAD481 /* libGPUImage.a in Frameworks */ = {isa = PBXBuildFile; fileRef = 0534C9A216E2F85A00EAD481 /* libGPUImage.a */; };
		0534C9A716E2F8D000EAD481 /* CoreMedia.framework in Frameworks */ = {isa = PBXBuildFile; fileRef = 0534C9A616E2F8D000EAD481 /* CoreMedia.framework */; };
		0534C9A916E2F8D900EAD481 /* CoreVideo.framework in Frameworks */ = {isa = PBXBuildFile; fileRef = 0534C9A816E2F8D900EAD481 /* CoreVideo.framework */; };
		0534C9AB16E2F8E000EAD481 /* QuartzCore.framework in Frameworks */ = {isa = PBXBuildFile; fileRef = 0534C9AA16E2F8E000EAD481 /* QuartzCore.framework */; };
		0534C9AD16E2F8E800EAD481 /* OpenGLES.framework in Frameworks */ = {isa = PBXBuildFile; fileRef = 0534C9AC16E2F8E800EAD481 /* OpenGLES.framework */; };
		0534C9AF16E2F8F900EAD481 /* AVFoundation.framework in Frameworks */ = {isa = PBXBuildFile; fileRef = 0534C9AE16E2F8F900EAD481 /* AVFoundation.framework */; };
		058D050B16EAE09F000506D7 /* FilteredCameraViewController.xib in Resources */ = {isa = PBXBuildFile; fileRef = 058D050A16EAE09F000506D7 /* FilteredCameraViewController.xib */; };
		058D052416EBDCB8000506D7 /* Capture.m in Sources */ = {isa = PBXBuildFile; fileRef = 058D052316EBDCB8000506D7 /* Capture.m */; };
		058E983D16E5943300C4DDFA /* UIAlertView+Extensions.m in Sources */ = {isa = PBXBuildFile; fileRef = 058E983C16E5943300C4DDFA /* UIAlertView+Extensions.m */; };
		058E984216E5962500C4DDFA /* CoreData.framework in Frameworks */ = {isa = PBXBuildFile; fileRef = 058E984116E5962500C4DDFA /* CoreData.framework */; };
		058E984416E5983D00C4DDFA /* CoreLocation.framework in Frameworks */ = {isa = PBXBuildFile; fileRef = 058E984316E5983D00C4DDFA /* CoreLocation.framework */; };
		058E984516E5993F00C4DDFA /* PassThrough.fsh in Resources */ = {isa = PBXBuildFile; fileRef = 05AD716B16E32BCD00AAB7D9 /* PassThrough.fsh */; };
		058E984616E5993F00C4DDFA /* WhiteColorOverlay.fsh in Resources */ = {isa = PBXBuildFile; fileRef = 05AD716E16E32BCD00AAB7D9 /* WhiteColorOverlay.fsh */; };
		058E985616E7043900C4DDFA /* ImageEntryView.m in Sources */ = {isa = PBXBuildFile; fileRef = 058E985516E7043900C4DDFA /* ImageEntryView.m */; };
		0590913016F19D2E006CA335 /* Camera.m in Sources */ = {isa = PBXBuildFile; fileRef = 0590912F16F19D2E006CA335 /* Camera.m */; };
		0595A12316F3F5C300FDE8D4 /* CircleOfViews.m in Sources */ = {isa = PBXBuildFile; fileRef = 0595A12216F3F5C300FDE8D4 /* CircleOfViews.m */; };
		05AD715B16E32BBE00AAB7D9 /* DataManager.m in Sources */ = {isa = PBXBuildFile; fileRef = 05AD715616E32BBE00AAB7D9 /* DataManager.m */; };
		05AD715C16E32BBE00AAB7D9 /* NSManagedObject+DataManager.m in Sources */ = {isa = PBXBuildFile; fileRef = 05AD715816E32BBE00AAB7D9 /* NSManagedObject+DataManager.m */; };
		05AD716F16E32BCD00AAB7D9 /* CameraFactory.m in Sources */ = {isa = PBXBuildFile; fileRef = 05AD716316E32BCD00AAB7D9 /* CameraFactory.m */; };
		05AD717016E32BCD00AAB7D9 /* FilteredCameraViewController.m in Sources */ = {isa = PBXBuildFile; fileRef = 05AD716516E32BCD00AAB7D9 /* FilteredCameraViewController.m */; };
		05AD717216E32BCD00AAB7D9 /* ImageInspectViewController.m in Sources */ = {isa = PBXBuildFile; fileRef = 05AD716916E32BCD00AAB7D9 /* ImageInspectViewController.m */; };
		05AD717316E32BCD00AAB7D9 /* ImageInspectViewController.xib in Resources */ = {isa = PBXBuildFile; fileRef = 05AD716A16E32BCD00AAB7D9 /* ImageInspectViewController.xib */; };
		05AD717516E32BCD00AAB7D9 /* SaturationFilter.m in Sources */ = {isa = PBXBuildFile; fileRef = 05AD716D16E32BCD00AAB7D9 /* SaturationFilter.m */; };
		05AD717916E32D7300AAB7D9 /* ViewGeneral.m in Sources */ = {isa = PBXBuildFile; fileRef = 05AD717816E32D7200AAB7D9 /* ViewGeneral.m */; };
		05AD719816E336DF00AAB7D9 /* NSArray+Extensions.m in Sources */ = {isa = PBXBuildFile; fileRef = 05AD717C16E336DF00AAB7D9 /* NSArray+Extensions.m */; };
		05AD719916E336DF00AAB7D9 /* NSObject+Extensions.m in Sources */ = {isa = PBXBuildFile; fileRef = 05AD717E16E336DF00AAB7D9 /* NSObject+Extensions.m */; };
		05AD719A16E336DF00AAB7D9 /* UIImage+Alpha.m in Sources */ = {isa = PBXBuildFile; fileRef = 05AD718016E336DF00AAB7D9 /* UIImage+Alpha.m */; };
		05AD719B16E336DF00AAB7D9 /* UIImage+Extensions.m in Sources */ = {isa = PBXBuildFile; fileRef = 05AD718216E336DF00AAB7D9 /* UIImage+Extensions.m */; };
		05AD719C16E336DF00AAB7D9 /* UIImage+Resize.m in Sources */ = {isa = PBXBuildFile; fileRef = 05AD718416E336DF00AAB7D9 /* UIImage+Resize.m */; };
		05AD719D16E336DF00AAB7D9 /* UIImage+RoundedCorner.m in Sources */ = {isa = PBXBuildFile; fileRef = 05AD718616E336DF00AAB7D9 /* UIImage+RoundedCorner.m */; };
		05AD719E16E336DF00AAB7D9 /* UITableViewCell+Extensions.m in Sources */ = {isa = PBXBuildFile; fileRef = 05AD718816E336DF00AAB7D9 /* UITableViewCell+Extensions.m */; };
		05AD719F16E336DF00AAB7D9 /* UIView+Extensions.m in Sources */ = {isa = PBXBuildFile; fileRef = 05AD718A16E336DF00AAB7D9 /* UIView+Extensions.m */; };
		05AD71A016E336DF00AAB7D9 /* DiagonalGestureRecognizer.m in Sources */ = {isa = PBXBuildFile; fileRef = 05AD718D16E336DF00AAB7D9 /* DiagonalGestureRecognizer.m */; };
		05AD71A116E336DF00AAB7D9 /* ParameterSliderView.m in Sources */ = {isa = PBXBuildFile; fileRef = 05AD718F16E336DF00AAB7D9 /* ParameterSliderView.m */; };
		05AD71A216E336DF00AAB7D9 /* ProgressView.m in Sources */ = {isa = PBXBuildFile; fileRef = 05AD719116E336DF00AAB7D9 /* ProgressView.m */; };
		05AD71A316E336DF00AAB7D9 /* RoundedCornersView.m in Sources */ = {isa = PBXBuildFile; fileRef = 05AD719316E336DF00AAB7D9 /* RoundedCornersView.m */; };
		05AD71A416E336DF00AAB7D9 /* StreamOfViews.m in Sources */ = {isa = PBXBuildFile; fileRef = 05AD719516E336DF00AAB7D9 /* StreamOfViews.m */; };
		05AD71A516E336DF00AAB7D9 /* TransitionGestureRecognizer.m in Sources */ = {isa = PBXBuildFile; fileRef = 05AD719716E336DF00AAB7D9 /* TransitionGestureRecognizer.m */; };
		05AD71B516E3F44C00AAB7D9 /* UIImageJPEGDataTransformer.m in Sources */ = {isa = PBXBuildFile; fileRef = 05AD71B216E3F44C00AAB7D9 /* UIImageJPEGDataTransformer.m */; };
		05AD71B616E3F44C00AAB7D9 /* UIImagePNGDataTransformer.m in Sources */ = {isa = PBXBuildFile; fileRef = 05AD71B416E3F44C00AAB7D9 /* UIImagePNGDataTransformer.m */; };
		05AD71B916E3F4BC00AAB7D9 /* shade.xcdatamodeld in Sources */ = {isa = PBXBuildFile; fileRef = 05AD71B716E3F4BB00AAB7D9 /* shade.xcdatamodeld */; };
		05AD71BB16E3F84A00AAB7D9 /* Cameras.plist in Resources */ = {isa = PBXBuildFile; fileRef = 05AD71BA16E3F84A00AAB7D9 /* Cameras.plist */; };
		05AD71C416E3FB6F00AAB7D9 /* Camera+Extensions.m in Sources */ = {isa = PBXBuildFile; fileRef = 05AD71C316E3FB6F00AAB7D9 /* Camera+Extensions.m */; };
		05AD71C716E3FB8400AAB7D9 /* Capture+Extensions.m in Sources */ = {isa = PBXBuildFile; fileRef = 05AD71C616E3FB8400AAB7D9 /* Capture+Extensions.m */; };
		05AD71CC16E40F6A00AAB7D9 /* CameraFilterParameters.plist in Resources */ = {isa = PBXBuildFile; fileRef = 05AD71CB16E40F6A00AAB7D9 /* CameraFilterParameters.plist */; };
		05AD71D516E42FAC00AAB7D9 /* CameraFilter.m in Sources */ = {isa = PBXBuildFile; fileRef = 05AD71D416E42FAC00AAB7D9 /* CameraFilter.m */; };
		05AD71D816E42FE200AAB7D9 /* InstantCameraFilter.m in Sources */ = {isa = PBXBuildFile; fileRef = 05AD71D716E42FE100AAB7D9 /* InstantCameraFilter.m */; };
		05AD71DB16E4302000AAB7D9 /* BoxCameraFilter.m in Sources */ = {isa = PBXBuildFile; fileRef = 05AD71DA16E4301F00AAB7D9 /* BoxCameraFilter.m */; };
		05AD71DE16E4306100AAB7D9 /* PlasticCameraFilter.m in Sources */ = {isa = PBXBuildFile; fileRef = 05AD71DD16E4306100AAB7D9 /* PlasticCameraFilter.m */; };
		05AD71E116E473D600AAB7D9 /* PassThoughFilter.m in Sources */ = {isa = PBXBuildFile; fileRef = 05AD71E016E473D500AAB7D9 /* PassThoughFilter.m */; };
/* End PBXBuildFile section */

/* Begin PBXContainerItemProxy section */
		0534C9A116E2F85A00EAD481 /* PBXContainerItemProxy */ = {
			isa = PBXContainerItemProxy;
			containerPortal = 0534C99B16E2F85900EAD481 /* GPUImage.xcodeproj */;
			proxyType = 2;
			remoteGlobalIDString = BCF1A33414DDB1EC00852800;
			remoteInfo = GPUImage;
		};
		0534C9A316E2F85A00EAD481 /* PBXContainerItemProxy */ = {
			isa = PBXContainerItemProxy;
			containerPortal = 0534C99B16E2F85900EAD481 /* GPUImage.xcodeproj */;
			proxyType = 2;
			remoteGlobalIDString = BCF1A34414DDB1EC00852800;
			remoteInfo = GPUImageTests;
		};
		058D051316EAE971000506D7 /* PBXContainerItemProxy */ = {
			isa = PBXContainerItemProxy;
			containerPortal = 0534C99B16E2F85900EAD481 /* GPUImage.xcodeproj */;
			proxyType = 1;
			remoteGlobalIDString = BCF1A33314DDB1EC00852800;
			remoteInfo = GPUImage;
		};
/* End PBXContainerItemProxy section */

/* Begin PBXFileReference section */
		0534C97516E2F50400EAD481 /* shade.app */ = {isa = PBXFileReference; explicitFileType = wrapper.application; includeInIndex = 0; path = shade.app; sourceTree = BUILT_PRODUCTS_DIR; };
		0534C97816E2F50400EAD481 /* UIKit.framework */ = {isa = PBXFileReference; lastKnownFileType = wrapper.framework; name = UIKit.framework; path = System/Library/Frameworks/UIKit.framework; sourceTree = SDKROOT; };
		0534C97A16E2F50400EAD481 /* Foundation.framework */ = {isa = PBXFileReference; lastKnownFileType = wrapper.framework; name = Foundation.framework; path = System/Library/Frameworks/Foundation.framework; sourceTree = SDKROOT; };
		0534C97C16E2F50400EAD481 /* CoreGraphics.framework */ = {isa = PBXFileReference; lastKnownFileType = wrapper.framework; name = CoreGraphics.framework; path = System/Library/Frameworks/CoreGraphics.framework; sourceTree = SDKROOT; };
		0534C98016E2F50400EAD481 /* shade-Info.plist */ = {isa = PBXFileReference; lastKnownFileType = text.plist.xml; path = "shade-Info.plist"; sourceTree = "<group>"; };
		0534C98216E2F50400EAD481 /* en */ = {isa = PBXFileReference; lastKnownFileType = text.plist.strings; name = en; path = en.lproj/InfoPlist.strings; sourceTree = "<group>"; };
		0534C98416E2F50400EAD481 /* main.m */ = {isa = PBXFileReference; lastKnownFileType = sourcecode.c.objc; path = main.m; sourceTree = "<group>"; };
		0534C98616E2F50400EAD481 /* shade-Prefix.pch */ = {isa = PBXFileReference; lastKnownFileType = sourcecode.c.h; path = "shade-Prefix.pch"; sourceTree = "<group>"; };
		0534C98716E2F50400EAD481 /* AppDelegate.h */ = {isa = PBXFileReference; lastKnownFileType = sourcecode.c.h; path = AppDelegate.h; sourceTree = "<group>"; };
		0534C98816E2F50400EAD481 /* AppDelegate.m */ = {isa = PBXFileReference; lastKnownFileType = sourcecode.c.objc; path = AppDelegate.m; sourceTree = "<group>"; };
		0534C98A16E2F50400EAD481 /* Default.png */ = {isa = PBXFileReference; lastKnownFileType = image.png; path = Default.png; sourceTree = "<group>"; };
		0534C98C16E2F50400EAD481 /* Default@2x.png */ = {isa = PBXFileReference; lastKnownFileType = image.png; path = "Default@2x.png"; sourceTree = "<group>"; };
		0534C98E16E2F50400EAD481 /* Default-568h@2x.png */ = {isa = PBXFileReference; lastKnownFileType = image.png; path = "Default-568h@2x.png"; sourceTree = "<group>"; };
		0534C99016E2F50400EAD481 /* ViewController.h */ = {isa = PBXFileReference; lastKnownFileType = sourcecode.c.h; path = ViewController.h; sourceTree = "<group>"; };
		0534C99116E2F50400EAD481 /* ViewController.m */ = {isa = PBXFileReference; lastKnownFileType = sourcecode.c.objc; path = ViewController.m; sourceTree = "<group>"; };
		0534C99416E2F50400EAD481 /* en */ = {isa = PBXFileReference; lastKnownFileType = file.xib; name = en; path = en.lproj/ViewController.xib; sourceTree = "<group>"; };
		0534C99B16E2F85900EAD481 /* GPUImage.xcodeproj */ = {isa = PBXFileReference; lastKnownFileType = "wrapper.pb-project"; name = GPUImage.xcodeproj; path = ../GPUImage/framework/GPUImage.xcodeproj; sourceTree = "<group>"; };
		0534C9A616E2F8D000EAD481 /* CoreMedia.framework */ = {isa = PBXFileReference; lastKnownFileType = wrapper.framework; name = CoreMedia.framework; path = System/Library/Frameworks/CoreMedia.framework; sourceTree = SDKROOT; };
		0534C9A816E2F8D900EAD481 /* CoreVideo.framework */ = {isa = PBXFileReference; lastKnownFileType = wrapper.framework; name = CoreVideo.framework; path = System/Library/Frameworks/CoreVideo.framework; sourceTree = SDKROOT; };
		0534C9AA16E2F8E000EAD481 /* QuartzCore.framework */ = {isa = PBXFileReference; lastKnownFileType = wrapper.framework; name = QuartzCore.framework; path = System/Library/Frameworks/QuartzCore.framework; sourceTree = SDKROOT; };
		0534C9AC16E2F8E800EAD481 /* OpenGLES.framework */ = {isa = PBXFileReference; lastKnownFileType = wrapper.framework; name = OpenGLES.framework; path = System/Library/Frameworks/OpenGLES.framework; sourceTree = SDKROOT; };
		0534C9AE16E2F8F900EAD481 /* AVFoundation.framework */ = {isa = PBXFileReference; lastKnownFileType = wrapper.framework; name = AVFoundation.framework; path = System/Library/Frameworks/AVFoundation.framework; sourceTree = SDKROOT; };
		058D050A16EAE09F000506D7 /* FilteredCameraViewController.xib */ = {isa = PBXFileReference; fileEncoding = 4; lastKnownFileType = file.xib; path = FilteredCameraViewController.xib; sourceTree = "<group>"; };
		058D052216EBDCB8000506D7 /* Capture.h */ = {isa = PBXFileReference; fileEncoding = 4; lastKnownFileType = sourcecode.c.h; path = Capture.h; sourceTree = "<group>"; };
		058D052316EBDCB8000506D7 /* Capture.m */ = {isa = PBXFileReference; fileEncoding = 4; lastKnownFileType = sourcecode.c.objc; path = Capture.m; sourceTree = "<group>"; };
		058E983B16E5943300C4DDFA /* UIAlertView+Extensions.h */ = {isa = PBXFileReference; fileEncoding = 4; lastKnownFileType = sourcecode.c.h; path = "UIAlertView+Extensions.h"; sourceTree = "<group>"; };
		058E983C16E5943300C4DDFA /* UIAlertView+Extensions.m */ = {isa = PBXFileReference; fileEncoding = 4; lastKnownFileType = sourcecode.c.objc; path = "UIAlertView+Extensions.m"; sourceTree = "<group>"; };
		058E984116E5962500C4DDFA /* CoreData.framework */ = {isa = PBXFileReference; lastKnownFileType = wrapper.framework; name = CoreData.framework; path = System/Library/Frameworks/CoreData.framework; sourceTree = SDKROOT; };
		058E984316E5983D00C4DDFA /* CoreLocation.framework */ = {isa = PBXFileReference; lastKnownFileType = wrapper.framework; name = CoreLocation.framework; path = System/Library/Frameworks/CoreLocation.framework; sourceTree = SDKROOT; };
		058E985416E7043900C4DDFA /* ImageEntryView.h */ = {isa = PBXFileReference; fileEncoding = 4; lastKnownFileType = sourcecode.c.h; path = ImageEntryView.h; sourceTree = "<group>"; };
		058E985516E7043900C4DDFA /* ImageEntryView.m */ = {isa = PBXFileReference; fileEncoding = 4; lastKnownFileType = sourcecode.c.objc; path = ImageEntryView.m; sourceTree = "<group>"; };
		0590912E16F19D2E006CA335 /* Camera.h */ = {isa = PBXFileReference; fileEncoding = 4; lastKnownFileType = sourcecode.c.h; path = Camera.h; sourceTree = "<group>"; };
		0590912F16F19D2E006CA335 /* Camera.m */ = {isa = PBXFileReference; fileEncoding = 4; lastKnownFileType = sourcecode.c.objc; path = Camera.m; sourceTree = "<group>"; };
		0595A12116F3F5C300FDE8D4 /* CircleOfViews.h */ = {isa = PBXFileReference; fileEncoding = 4; lastKnownFileType = sourcecode.c.h; path = CircleOfViews.h; sourceTree = "<group>"; };
		0595A12216F3F5C300FDE8D4 /* CircleOfViews.m */ = {isa = PBXFileReference; fileEncoding = 4; lastKnownFileType = sourcecode.c.objc; path = CircleOfViews.m; sourceTree = "<group>"; };
		05AD715516E32BBE00AAB7D9 /* DataManager.h */ = {isa = PBXFileReference; fileEncoding = 4; lastKnownFileType = sourcecode.c.h; path = DataManager.h; sourceTree = "<group>"; };
		05AD715616E32BBE00AAB7D9 /* DataManager.m */ = {isa = PBXFileReference; fileEncoding = 4; lastKnownFileType = sourcecode.c.objc; path = DataManager.m; sourceTree = "<group>"; };
		05AD715716E32BBE00AAB7D9 /* NSManagedObject+DataManager.h */ = {isa = PBXFileReference; fileEncoding = 4; lastKnownFileType = sourcecode.c.h; path = "NSManagedObject+DataManager.h"; sourceTree = "<group>"; };
		05AD715816E32BBE00AAB7D9 /* NSManagedObject+DataManager.m */ = {isa = PBXFileReference; fileEncoding = 4; lastKnownFileType = sourcecode.c.objc; path = "NSManagedObject+DataManager.m"; sourceTree = "<group>"; };
		05AD716216E32BCD00AAB7D9 /* CameraFactory.h */ = {isa = PBXFileReference; fileEncoding = 4; lastKnownFileType = sourcecode.c.h; path = CameraFactory.h; sourceTree = "<group>"; };
		05AD716316E32BCD00AAB7D9 /* CameraFactory.m */ = {isa = PBXFileReference; fileEncoding = 4; lastKnownFileType = sourcecode.c.objc; path = CameraFactory.m; sourceTree = "<group>"; };
		05AD716416E32BCD00AAB7D9 /* FilteredCameraViewController.h */ = {isa = PBXFileReference; fileEncoding = 4; lastKnownFileType = sourcecode.c.h; path = FilteredCameraViewController.h; sourceTree = "<group>"; };
		05AD716516E32BCD00AAB7D9 /* FilteredCameraViewController.m */ = {isa = PBXFileReference; fileEncoding = 4; lastKnownFileType = sourcecode.c.objc; path = FilteredCameraViewController.m; sourceTree = "<group>"; };
		05AD716816E32BCD00AAB7D9 /* ImageInspectViewController.h */ = {isa = PBXFileReference; fileEncoding = 4; lastKnownFileType = sourcecode.c.h; path = ImageInspectViewController.h; sourceTree = "<group>"; };
		05AD716916E32BCD00AAB7D9 /* ImageInspectViewController.m */ = {isa = PBXFileReference; fileEncoding = 4; lastKnownFileType = sourcecode.c.objc; path = ImageInspectViewController.m; sourceTree = "<group>"; };
		05AD716A16E32BCD00AAB7D9 /* ImageInspectViewController.xib */ = {isa = PBXFileReference; fileEncoding = 4; lastKnownFileType = file.xib; path = ImageInspectViewController.xib; sourceTree = "<group>"; };
		05AD716B16E32BCD00AAB7D9 /* PassThrough.fsh */ = {isa = PBXFileReference; fileEncoding = 4; lastKnownFileType = sourcecode.glsl; path = PassThrough.fsh; sourceTree = "<group>"; };
		05AD716C16E32BCD00AAB7D9 /* SaturationFilter.h */ = {isa = PBXFileReference; fileEncoding = 4; lastKnownFileType = sourcecode.c.h; path = SaturationFilter.h; sourceTree = "<group>"; };
		05AD716D16E32BCD00AAB7D9 /* SaturationFilter.m */ = {isa = PBXFileReference; fileEncoding = 4; lastKnownFileType = sourcecode.c.objc; path = SaturationFilter.m; sourceTree = "<group>"; };
		05AD716E16E32BCD00AAB7D9 /* WhiteColorOverlay.fsh */ = {isa = PBXFileReference; fileEncoding = 4; lastKnownFileType = sourcecode.glsl; path = WhiteColorOverlay.fsh; sourceTree = "<group>"; };
		05AD717716E32D7200AAB7D9 /* ViewGeneral.h */ = {isa = PBXFileReference; fileEncoding = 4; lastKnownFileType = sourcecode.c.h; path = ViewGeneral.h; sourceTree = "<group>"; };
		05AD717816E32D7200AAB7D9 /* ViewGeneral.m */ = {isa = PBXFileReference; fileEncoding = 4; lastKnownFileType = sourcecode.c.objc; path = ViewGeneral.m; sourceTree = "<group>"; };
		05AD717B16E336DF00AAB7D9 /* NSArray+Extensions.h */ = {isa = PBXFileReference; fileEncoding = 4; lastKnownFileType = sourcecode.c.h; path = "NSArray+Extensions.h"; sourceTree = "<group>"; };
		05AD717C16E336DF00AAB7D9 /* NSArray+Extensions.m */ = {isa = PBXFileReference; fileEncoding = 4; lastKnownFileType = sourcecode.c.objc; path = "NSArray+Extensions.m"; sourceTree = "<group>"; };
		05AD717D16E336DF00AAB7D9 /* NSObject+Extensions.h */ = {isa = PBXFileReference; fileEncoding = 4; lastKnownFileType = sourcecode.c.h; path = "NSObject+Extensions.h"; sourceTree = "<group>"; };
		05AD717E16E336DF00AAB7D9 /* NSObject+Extensions.m */ = {isa = PBXFileReference; fileEncoding = 4; lastKnownFileType = sourcecode.c.objc; path = "NSObject+Extensions.m"; sourceTree = "<group>"; };
		05AD717F16E336DF00AAB7D9 /* UIImage+Alpha.h */ = {isa = PBXFileReference; fileEncoding = 4; lastKnownFileType = sourcecode.c.h; path = "UIImage+Alpha.h"; sourceTree = "<group>"; };
		05AD718016E336DF00AAB7D9 /* UIImage+Alpha.m */ = {isa = PBXFileReference; fileEncoding = 4; lastKnownFileType = sourcecode.c.objc; path = "UIImage+Alpha.m"; sourceTree = "<group>"; };
		05AD718116E336DF00AAB7D9 /* UIImage+Extensions.h */ = {isa = PBXFileReference; fileEncoding = 4; lastKnownFileType = sourcecode.c.h; path = "UIImage+Extensions.h"; sourceTree = "<group>"; };
		05AD718216E336DF00AAB7D9 /* UIImage+Extensions.m */ = {isa = PBXFileReference; fileEncoding = 4; lastKnownFileType = sourcecode.c.objc; path = "UIImage+Extensions.m"; sourceTree = "<group>"; };
		05AD718316E336DF00AAB7D9 /* UIImage+Resize.h */ = {isa = PBXFileReference; fileEncoding = 4; lastKnownFileType = sourcecode.c.h; path = "UIImage+Resize.h"; sourceTree = "<group>"; };
		05AD718416E336DF00AAB7D9 /* UIImage+Resize.m */ = {isa = PBXFileReference; fileEncoding = 4; lastKnownFileType = sourcecode.c.objc; path = "UIImage+Resize.m"; sourceTree = "<group>"; };
		05AD718516E336DF00AAB7D9 /* UIImage+RoundedCorner.h */ = {isa = PBXFileReference; fileEncoding = 4; lastKnownFileType = sourcecode.c.h; path = "UIImage+RoundedCorner.h"; sourceTree = "<group>"; };
		05AD718616E336DF00AAB7D9 /* UIImage+RoundedCorner.m */ = {isa = PBXFileReference; fileEncoding = 4; lastKnownFileType = sourcecode.c.objc; path = "UIImage+RoundedCorner.m"; sourceTree = "<group>"; };
		05AD718716E336DF00AAB7D9 /* UITableViewCell+Extensions.h */ = {isa = PBXFileReference; fileEncoding = 4; lastKnownFileType = sourcecode.c.h; path = "UITableViewCell+Extensions.h"; sourceTree = "<group>"; };
		05AD718816E336DF00AAB7D9 /* UITableViewCell+Extensions.m */ = {isa = PBXFileReference; fileEncoding = 4; lastKnownFileType = sourcecode.c.objc; path = "UITableViewCell+Extensions.m"; sourceTree = "<group>"; };
		05AD718916E336DF00AAB7D9 /* UIView+Extensions.h */ = {isa = PBXFileReference; fileEncoding = 4; lastKnownFileType = sourcecode.c.h; path = "UIView+Extensions.h"; sourceTree = "<group>"; };
		05AD718A16E336DF00AAB7D9 /* UIView+Extensions.m */ = {isa = PBXFileReference; fileEncoding = 4; lastKnownFileType = sourcecode.c.objc; path = "UIView+Extensions.m"; sourceTree = "<group>"; };
		05AD718C16E336DF00AAB7D9 /* DiagonalGestureRecognizer.h */ = {isa = PBXFileReference; fileEncoding = 4; lastKnownFileType = sourcecode.c.h; path = DiagonalGestureRecognizer.h; sourceTree = "<group>"; };
		05AD718D16E336DF00AAB7D9 /* DiagonalGestureRecognizer.m */ = {isa = PBXFileReference; fileEncoding = 4; lastKnownFileType = sourcecode.c.objc; path = DiagonalGestureRecognizer.m; sourceTree = "<group>"; };
		05AD718E16E336DF00AAB7D9 /* ParameterSliderView.h */ = {isa = PBXFileReference; fileEncoding = 4; lastKnownFileType = sourcecode.c.h; path = ParameterSliderView.h; sourceTree = "<group>"; };
		05AD718F16E336DF00AAB7D9 /* ParameterSliderView.m */ = {isa = PBXFileReference; fileEncoding = 4; lastKnownFileType = sourcecode.c.objc; path = ParameterSliderView.m; sourceTree = "<group>"; };
		05AD719016E336DF00AAB7D9 /* ProgressView.h */ = {isa = PBXFileReference; fileEncoding = 4; lastKnownFileType = sourcecode.c.h; path = ProgressView.h; sourceTree = "<group>"; };
		05AD719116E336DF00AAB7D9 /* ProgressView.m */ = {isa = PBXFileReference; fileEncoding = 4; lastKnownFileType = sourcecode.c.objc; path = ProgressView.m; sourceTree = "<group>"; };
		05AD719216E336DF00AAB7D9 /* RoundedCornersView.h */ = {isa = PBXFileReference; fileEncoding = 4; lastKnownFileType = sourcecode.c.h; path = RoundedCornersView.h; sourceTree = "<group>"; };
		05AD719316E336DF00AAB7D9 /* RoundedCornersView.m */ = {isa = PBXFileReference; fileEncoding = 4; lastKnownFileType = sourcecode.c.objc; path = RoundedCornersView.m; sourceTree = "<group>"; };
		05AD719416E336DF00AAB7D9 /* StreamOfViews.h */ = {isa = PBXFileReference; fileEncoding = 4; lastKnownFileType = sourcecode.c.h; path = StreamOfViews.h; sourceTree = "<group>"; };
		05AD719516E336DF00AAB7D9 /* StreamOfViews.m */ = {isa = PBXFileReference; fileEncoding = 4; lastKnownFileType = sourcecode.c.objc; path = StreamOfViews.m; sourceTree = "<group>"; };
		05AD719616E336DF00AAB7D9 /* TransitionGestureRecognizer.h */ = {isa = PBXFileReference; fileEncoding = 4; lastKnownFileType = sourcecode.c.h; path = TransitionGestureRecognizer.h; sourceTree = "<group>"; };
		05AD719716E336DF00AAB7D9 /* TransitionGestureRecognizer.m */ = {isa = PBXFileReference; fileEncoding = 4; lastKnownFileType = sourcecode.c.objc; path = TransitionGestureRecognizer.m; sourceTree = "<group>"; };
		05AD71B116E3F44C00AAB7D9 /* UIImageJPEGDataTransformer.h */ = {isa = PBXFileReference; fileEncoding = 4; lastKnownFileType = sourcecode.c.h; path = UIImageJPEGDataTransformer.h; sourceTree = "<group>"; };
		05AD71B216E3F44C00AAB7D9 /* UIImageJPEGDataTransformer.m */ = {isa = PBXFileReference; fileEncoding = 4; lastKnownFileType = sourcecode.c.objc; path = UIImageJPEGDataTransformer.m; sourceTree = "<group>"; };
		05AD71B316E3F44C00AAB7D9 /* UIImagePNGDataTransformer.h */ = {isa = PBXFileReference; fileEncoding = 4; lastKnownFileType = sourcecode.c.h; path = UIImagePNGDataTransformer.h; sourceTree = "<group>"; };
		05AD71B416E3F44C00AAB7D9 /* UIImagePNGDataTransformer.m */ = {isa = PBXFileReference; fileEncoding = 4; lastKnownFileType = sourcecode.c.objc; path = UIImagePNGDataTransformer.m; sourceTree = "<group>"; };
		05AD71B816E3F4BB00AAB7D9 /* shade.xcdatamodel */ = {isa = PBXFileReference; lastKnownFileType = wrapper.xcdatamodel; path = shade.xcdatamodel; sourceTree = "<group>"; };
		05AD71BA16E3F84A00AAB7D9 /* Cameras.plist */ = {isa = PBXFileReference; fileEncoding = 4; lastKnownFileType = text.plist.xml; path = Cameras.plist; sourceTree = "<group>"; };
		05AD71C216E3FB6F00AAB7D9 /* Camera+Extensions.h */ = {isa = PBXFileReference; fileEncoding = 4; lastKnownFileType = sourcecode.c.h; path = "Camera+Extensions.h"; sourceTree = "<group>"; };
		05AD71C316E3FB6F00AAB7D9 /* Camera+Extensions.m */ = {isa = PBXFileReference; fileEncoding = 4; lastKnownFileType = sourcecode.c.objc; path = "Camera+Extensions.m"; sourceTree = "<group>"; };
		05AD71C516E3FB8400AAB7D9 /* Capture+Extensions.h */ = {isa = PBXFileReference; fileEncoding = 4; lastKnownFileType = sourcecode.c.h; path = "Capture+Extensions.h"; sourceTree = "<group>"; };
		05AD71C616E3FB8400AAB7D9 /* Capture+Extensions.m */ = {isa = PBXFileReference; fileEncoding = 4; lastKnownFileType = sourcecode.c.objc; path = "Capture+Extensions.m"; sourceTree = "<group>"; };
		05AD71CB16E40F6A00AAB7D9 /* CameraFilterParameters.plist */ = {isa = PBXFileReference; fileEncoding = 4; lastKnownFileType = text.plist.xml; path = CameraFilterParameters.plist; sourceTree = "<group>"; };
		05AD71D316E42FAC00AAB7D9 /* CameraFilter.h */ = {isa = PBXFileReference; fileEncoding = 4; lastKnownFileType = sourcecode.c.h; path = CameraFilter.h; sourceTree = "<group>"; };
		05AD71D416E42FAC00AAB7D9 /* CameraFilter.m */ = {isa = PBXFileReference; fileEncoding = 4; lastKnownFileType = sourcecode.c.objc; path = CameraFilter.m; sourceTree = "<group>"; };
		05AD71D616E42FE100AAB7D9 /* InstantCameraFilter.h */ = {isa = PBXFileReference; fileEncoding = 4; lastKnownFileType = sourcecode.c.h; path = InstantCameraFilter.h; sourceTree = "<group>"; };
		05AD71D716E42FE100AAB7D9 /* InstantCameraFilter.m */ = {isa = PBXFileReference; fileEncoding = 4; lastKnownFileType = sourcecode.c.objc; path = InstantCameraFilter.m; sourceTree = "<group>"; };
		05AD71D916E4301F00AAB7D9 /* BoxCameraFilter.h */ = {isa = PBXFileReference; fileEncoding = 4; lastKnownFileType = sourcecode.c.h; path = BoxCameraFilter.h; sourceTree = "<group>"; };
		05AD71DA16E4301F00AAB7D9 /* BoxCameraFilter.m */ = {isa = PBXFileReference; fileEncoding = 4; lastKnownFileType = sourcecode.c.objc; path = BoxCameraFilter.m; sourceTree = "<group>"; };
		05AD71DC16E4306000AAB7D9 /* PlasticCameraFilter.h */ = {isa = PBXFileReference; fileEncoding = 4; lastKnownFileType = sourcecode.c.h; path = PlasticCameraFilter.h; sourceTree = "<group>"; };
		05AD71DD16E4306100AAB7D9 /* PlasticCameraFilter.m */ = {isa = PBXFileReference; fileEncoding = 4; lastKnownFileType = sourcecode.c.objc; path = PlasticCameraFilter.m; sourceTree = "<group>"; };
		05AD71DF16E473D400AAB7D9 /* PassThoughFilter.h */ = {isa = PBXFileReference; fileEncoding = 4; lastKnownFileType = sourcecode.c.h; path = PassThoughFilter.h; sourceTree = "<group>"; };
		05AD71E016E473D500AAB7D9 /* PassThoughFilter.m */ = {isa = PBXFileReference; fileEncoding = 4; lastKnownFileType = sourcecode.c.objc; path = PassThoughFilter.m; sourceTree = "<group>"; };
/* End PBXFileReference section */

/* Begin PBXFrameworksBuildPhase section */
		0534C97216E2F50400EAD481 /* Frameworks */ = {
			isa = PBXFrameworksBuildPhase;
			buildActionMask = 2147483647;
			files = (
				058E984416E5983D00C4DDFA /* CoreLocation.framework in Frameworks */,
				058E984216E5962500C4DDFA /* CoreData.framework in Frameworks */,
				0534C9AF16E2F8F900EAD481 /* AVFoundation.framework in Frameworks */,
				0534C9AD16E2F8E800EAD481 /* OpenGLES.framework in Frameworks */,
				0534C9AB16E2F8E000EAD481 /* QuartzCore.framework in Frameworks */,
				0534C9A916E2F8D900EAD481 /* CoreVideo.framework in Frameworks */,
				0534C9A716E2F8D000EAD481 /* CoreMedia.framework in Frameworks */,
				0534C9A516E2F8B100EAD481 /* libGPUImage.a in Frameworks */,
				0534C97916E2F50400EAD481 /* UIKit.framework in Frameworks */,
				0534C97B16E2F50400EAD481 /* Foundation.framework in Frameworks */,
				0534C97D16E2F50400EAD481 /* CoreGraphics.framework in Frameworks */,
			);
			runOnlyForDeploymentPostprocessing = 0;
		};
/* End PBXFrameworksBuildPhase section */

/* Begin PBXGroup section */
		0534C96C16E2F50400EAD481 = {
			isa = PBXGroup;
			children = (
				0534C99B16E2F85900EAD481 /* GPUImage.xcodeproj */,
				0534C97E16E2F50400EAD481 /* shade */,
				0534C97716E2F50400EAD481 /* Frameworks */,
				0534C97616E2F50400EAD481 /* Products */,
			);
			sourceTree = "<group>";
		};
		0534C97616E2F50400EAD481 /* Products */ = {
			isa = PBXGroup;
			children = (
				0534C97516E2F50400EAD481 /* shade.app */,
			);
			name = Products;
			sourceTree = "<group>";
		};
		0534C97716E2F50400EAD481 /* Frameworks */ = {
			isa = PBXGroup;
			children = (
				0534C9AE16E2F8F900EAD481 /* AVFoundation.framework */,
				058E984116E5962500C4DDFA /* CoreData.framework */,
				0534C97C16E2F50400EAD481 /* CoreGraphics.framework */,
				058E984316E5983D00C4DDFA /* CoreLocation.framework */,
				0534C9A616E2F8D000EAD481 /* CoreMedia.framework */,
				0534C9A816E2F8D900EAD481 /* CoreVideo.framework */,
				0534C97A16E2F50400EAD481 /* Foundation.framework */,
				0534C9AC16E2F8E800EAD481 /* OpenGLES.framework */,
				0534C9AA16E2F8E000EAD481 /* QuartzCore.framework */,
				0534C97816E2F50400EAD481 /* UIKit.framework */,
			);
			name = Frameworks;
			sourceTree = "<group>";
		};
		0534C97E16E2F50400EAD481 /* shade */ = {
			isa = PBXGroup;
			children = (
				0534C98716E2F50400EAD481 /* AppDelegate.h */,
				0534C98816E2F50400EAD481 /* AppDelegate.m */,
				05AD716116E32BCD00AAB7D9 /* Camera */,
				05AD715316E32BBE00AAB7D9 /* Library */,
				05AD71B016E3F44C00AAB7D9 /* Models */,
				0534C97F16E2F50400EAD481 /* Supporting Files */,
				0534C99016E2F50400EAD481 /* ViewController.h */,
				0534C99116E2F50400EAD481 /* ViewController.m */,
				0534C99316E2F50400EAD481 /* ViewController.xib */,
				05AD717716E32D7200AAB7D9 /* ViewGeneral.h */,
				05AD717816E32D7200AAB7D9 /* ViewGeneral.m */,
			);
			path = shade;
			sourceTree = "<group>";
		};
		0534C97F16E2F50400EAD481 /* Supporting Files */ = {
			isa = PBXGroup;
			children = (
				05AD71CB16E40F6A00AAB7D9 /* CameraFilterParameters.plist */,
				05AD71BA16E3F84A00AAB7D9 /* Cameras.plist */,
				0534C98016E2F50400EAD481 /* shade-Info.plist */,
				0534C98116E2F50400EAD481 /* InfoPlist.strings */,
				0534C98416E2F50400EAD481 /* main.m */,
				0534C98616E2F50400EAD481 /* shade-Prefix.pch */,
				0534C98A16E2F50400EAD481 /* Default.png */,
				0534C98C16E2F50400EAD481 /* Default@2x.png */,
				0534C98E16E2F50400EAD481 /* Default-568h@2x.png */,
			);
			name = "Supporting Files";
			sourceTree = "<group>";
		};
		0534C99C16E2F85900EAD481 /* Products */ = {
			isa = PBXGroup;
			children = (
				0534C9A216E2F85A00EAD481 /* libGPUImage.a */,
				0534C9A416E2F85A00EAD481 /* GPUImageTests.octest */,
			);
			name = Products;
			sourceTree = "<group>";
		};
		05AD715316E32BBE00AAB7D9 /* Library */ = {
			isa = PBXGroup;
			children = (
				05AD717A16E336DF00AAB7D9 /* Categories */,
				05AD715416E32BBE00AAB7D9 /* CoreData */,
				05AD718B16E336DF00AAB7D9 /* Views */,
			);
			path = Library;
			sourceTree = "<group>";
		};
		05AD715416E32BBE00AAB7D9 /* CoreData */ = {
			isa = PBXGroup;
			children = (
				05AD715516E32BBE00AAB7D9 /* DataManager.h */,
				05AD715616E32BBE00AAB7D9 /* DataManager.m */,
				05AD715716E32BBE00AAB7D9 /* NSManagedObject+DataManager.h */,
				05AD715816E32BBE00AAB7D9 /* NSManagedObject+DataManager.m */,
			);
			path = CoreData;
			sourceTree = "<group>";
		};
		05AD716116E32BCD00AAB7D9 /* Camera */ = {
			isa = PBXGroup;
			children = (
				05AD71D916E4301F00AAB7D9 /* BoxCameraFilter.h */,
				05AD71DA16E4301F00AAB7D9 /* BoxCameraFilter.m */,
				05AD716216E32BCD00AAB7D9 /* CameraFactory.h */,
				05AD716316E32BCD00AAB7D9 /* CameraFactory.m */,
				05AD71D316E42FAC00AAB7D9 /* CameraFilter.h */,
				05AD71D416E42FAC00AAB7D9 /* CameraFilter.m */,
				05AD716416E32BCD00AAB7D9 /* FilteredCameraViewController.h */,
				05AD716516E32BCD00AAB7D9 /* FilteredCameraViewController.m */,
				058D050A16EAE09F000506D7 /* FilteredCameraViewController.xib */,
				058E985416E7043900C4DDFA /* ImageEntryView.h */,
				058E985516E7043900C4DDFA /* ImageEntryView.m */,
				05AD716816E32BCD00AAB7D9 /* ImageInspectViewController.h */,
				05AD716916E32BCD00AAB7D9 /* ImageInspectViewController.m */,
				05AD716A16E32BCD00AAB7D9 /* ImageInspectViewController.xib */,
				05AD71D616E42FE100AAB7D9 /* InstantCameraFilter.h */,
				05AD71D716E42FE100AAB7D9 /* InstantCameraFilter.m */,
				05AD71DF16E473D400AAB7D9 /* PassThoughFilter.h */,
				05AD71E016E473D500AAB7D9 /* PassThoughFilter.m */,
				05AD716B16E32BCD00AAB7D9 /* PassThrough.fsh */,
				05AD71DC16E4306000AAB7D9 /* PlasticCameraFilter.h */,
				05AD71DD16E4306100AAB7D9 /* PlasticCameraFilter.m */,
				05AD716C16E32BCD00AAB7D9 /* SaturationFilter.h */,
				05AD716D16E32BCD00AAB7D9 /* SaturationFilter.m */,
				05AD716E16E32BCD00AAB7D9 /* WhiteColorOverlay.fsh */,
			);
			path = Camera;
			sourceTree = "<group>";
		};
		05AD717A16E336DF00AAB7D9 /* Categories */ = {
			isa = PBXGroup;
			children = (
				05AD717B16E336DF00AAB7D9 /* NSArray+Extensions.h */,
				05AD717C16E336DF00AAB7D9 /* NSArray+Extensions.m */,
				05AD717D16E336DF00AAB7D9 /* NSObject+Extensions.h */,
				05AD717E16E336DF00AAB7D9 /* NSObject+Extensions.m */,
				058E983B16E5943300C4DDFA /* UIAlertView+Extensions.h */,
				058E983C16E5943300C4DDFA /* UIAlertView+Extensions.m */,
				05AD717F16E336DF00AAB7D9 /* UIImage+Alpha.h */,
				05AD718016E336DF00AAB7D9 /* UIImage+Alpha.m */,
				05AD718116E336DF00AAB7D9 /* UIImage+Extensions.h */,
				05AD718216E336DF00AAB7D9 /* UIImage+Extensions.m */,
				05AD718316E336DF00AAB7D9 /* UIImage+Resize.h */,
				05AD718416E336DF00AAB7D9 /* UIImage+Resize.m */,
				05AD718516E336DF00AAB7D9 /* UIImage+RoundedCorner.h */,
				05AD718616E336DF00AAB7D9 /* UIImage+RoundedCorner.m */,
				05AD718716E336DF00AAB7D9 /* UITableViewCell+Extensions.h */,
				05AD718816E336DF00AAB7D9 /* UITableViewCell+Extensions.m */,
				05AD718916E336DF00AAB7D9 /* UIView+Extensions.h */,
				05AD718A16E336DF00AAB7D9 /* UIView+Extensions.m */,
			);
			path = Categories;
			sourceTree = "<group>";
		};
		05AD718B16E336DF00AAB7D9 /* Views */ = {
			isa = PBXGroup;
			children = (
				05AD718C16E336DF00AAB7D9 /* DiagonalGestureRecognizer.h */,
				05AD718D16E336DF00AAB7D9 /* DiagonalGestureRecognizer.m */,
				05AD718E16E336DF00AAB7D9 /* ParameterSliderView.h */,
				05AD718F16E336DF00AAB7D9 /* ParameterSliderView.m */,
				05AD719016E336DF00AAB7D9 /* ProgressView.h */,
				05AD719116E336DF00AAB7D9 /* ProgressView.m */,
				05AD719216E336DF00AAB7D9 /* RoundedCornersView.h */,
				05AD719316E336DF00AAB7D9 /* RoundedCornersView.m */,
				05AD719416E336DF00AAB7D9 /* StreamOfViews.h */,
				05AD719516E336DF00AAB7D9 /* StreamOfViews.m */,
				05AD719616E336DF00AAB7D9 /* TransitionGestureRecognizer.h */,
				05AD719716E336DF00AAB7D9 /* TransitionGestureRecognizer.m */,
				0595A12116F3F5C300FDE8D4 /* CircleOfViews.h */,
				0595A12216F3F5C300FDE8D4 /* CircleOfViews.m */,
			);
			path = Views;
			sourceTree = "<group>";
		};
		05AD71B016E3F44C00AAB7D9 /* Models */ = {
			isa = PBXGroup;
			children = (
				05AD71C216E3FB6F00AAB7D9 /* Camera+Extensions.h */,
				05AD71C316E3FB6F00AAB7D9 /* Camera+Extensions.m */,
				0590912E16F19D2E006CA335 /* Camera.h */,
				0590912F16F19D2E006CA335 /* Camera.m */,
				05AD71C516E3FB8400AAB7D9 /* Capture+Extensions.h */,
				05AD71C616E3FB8400AAB7D9 /* Capture+Extensions.m */,
				058D052216EBDCB8000506D7 /* Capture.h */,
				058D052316EBDCB8000506D7 /* Capture.m */,
				05AD71B716E3F4BB00AAB7D9 /* shade.xcdatamodeld */,
				05AD71B116E3F44C00AAB7D9 /* UIImageJPEGDataTransformer.h */,
				05AD71B216E3F44C00AAB7D9 /* UIImageJPEGDataTransformer.m */,
				05AD71B316E3F44C00AAB7D9 /* UIImagePNGDataTransformer.h */,
				05AD71B416E3F44C00AAB7D9 /* UIImagePNGDataTransformer.m */,
			);
			path = Models;
			sourceTree = "<group>";
		};
/* End PBXGroup section */

/* Begin PBXNativeTarget section */
		0534C97416E2F50400EAD481 /* shade */ = {
			isa = PBXNativeTarget;
			buildConfigurationList = 0534C99816E2F50400EAD481 /* Build configuration list for PBXNativeTarget "shade" */;
			buildPhases = (
				0534C97116E2F50400EAD481 /* Sources */,
				0534C97216E2F50400EAD481 /* Frameworks */,
				0534C97316E2F50400EAD481 /* Resources */,
			);
			buildRules = (
			);
			dependencies = (
				058D051416EAE971000506D7 /* PBXTargetDependency */,
			);
			name = shade;
			productName = shade;
			productReference = 0534C97516E2F50400EAD481 /* shade.app */;
			productType = "com.apple.product-type.application";
		};
/* End PBXNativeTarget section */

/* Begin PBXProject section */
		0534C96D16E2F50400EAD481 /* Project object */ = {
			isa = PBXProject;
			attributes = {
				LastUpgradeCheck = 0460;
				ORGANIZATIONNAME = "Troy Stribling";
			};
			buildConfigurationList = 0534C97016E2F50400EAD481 /* Build configuration list for PBXProject "shade" */;
			compatibilityVersion = "Xcode 3.2";
			developmentRegion = English;
			hasScannedForEncodings = 0;
			knownRegions = (
				en,
			);
			mainGroup = 0534C96C16E2F50400EAD481;
			productRefGroup = 0534C97616E2F50400EAD481 /* Products */;
			projectDirPath = "";
			projectReferences = (
				{
					ProductGroup = 0534C99C16E2F85900EAD481 /* Products */;
					ProjectRef = 0534C99B16E2F85900EAD481 /* GPUImage.xcodeproj */;
				},
			);
			projectRoot = "";
			targets = (
				0534C97416E2F50400EAD481 /* shade */,
			);
		};
/* End PBXProject section */

/* Begin PBXReferenceProxy section */
		0534C9A216E2F85A00EAD481 /* libGPUImage.a */ = {
			isa = PBXReferenceProxy;
			fileType = archive.ar;
			path = libGPUImage.a;
			remoteRef = 0534C9A116E2F85A00EAD481 /* PBXContainerItemProxy */;
			sourceTree = BUILT_PRODUCTS_DIR;
		};
		0534C9A416E2F85A00EAD481 /* GPUImageTests.octest */ = {
			isa = PBXReferenceProxy;
			fileType = wrapper.cfbundle;
			path = GPUImageTests.octest;
			remoteRef = 0534C9A316E2F85A00EAD481 /* PBXContainerItemProxy */;
			sourceTree = BUILT_PRODUCTS_DIR;
		};
/* End PBXReferenceProxy section */

/* Begin PBXResourcesBuildPhase section */
		0534C97316E2F50400EAD481 /* Resources */ = {
			isa = PBXResourcesBuildPhase;
			buildActionMask = 2147483647;
			files = (
				058E984516E5993F00C4DDFA /* PassThrough.fsh in Resources */,
				058E984616E5993F00C4DDFA /* WhiteColorOverlay.fsh in Resources */,
				0534C98316E2F50400EAD481 /* InfoPlist.strings in Resources */,
				0534C98B16E2F50400EAD481 /* Default.png in Resources */,
				0534C98D16E2F50400EAD481 /* Default@2x.png in Resources */,
				0534C98F16E2F50400EAD481 /* Default-568h@2x.png in Resources */,
				0534C99516E2F50400EAD481 /* ViewController.xib in Resources */,
				05AD717316E32BCD00AAB7D9 /* ImageInspectViewController.xib in Resources */,
				05AD71BB16E3F84A00AAB7D9 /* Cameras.plist in Resources */,
				05AD71CC16E40F6A00AAB7D9 /* CameraFilterParameters.plist in Resources */,
				058D050B16EAE09F000506D7 /* FilteredCameraViewController.xib in Resources */,
			);
			runOnlyForDeploymentPostprocessing = 0;
		};
/* End PBXResourcesBuildPhase section */

/* Begin PBXSourcesBuildPhase section */
		0534C97116E2F50400EAD481 /* Sources */ = {
			isa = PBXSourcesBuildPhase;
			buildActionMask = 2147483647;
			files = (
				0534C98516E2F50400EAD481 /* main.m in Sources */,
				0534C98916E2F50400EAD481 /* AppDelegate.m in Sources */,
				0534C99216E2F50400EAD481 /* ViewController.m in Sources */,
				05AD715B16E32BBE00AAB7D9 /* DataManager.m in Sources */,
				05AD715C16E32BBE00AAB7D9 /* NSManagedObject+DataManager.m in Sources */,
				05AD716F16E32BCD00AAB7D9 /* CameraFactory.m in Sources */,
				05AD717016E32BCD00AAB7D9 /* FilteredCameraViewController.m in Sources */,
				05AD717216E32BCD00AAB7D9 /* ImageInspectViewController.m in Sources */,
				05AD717516E32BCD00AAB7D9 /* SaturationFilter.m in Sources */,
				05AD717916E32D7300AAB7D9 /* ViewGeneral.m in Sources */,
				05AD719816E336DF00AAB7D9 /* NSArray+Extensions.m in Sources */,
				05AD719916E336DF00AAB7D9 /* NSObject+Extensions.m in Sources */,
				05AD719A16E336DF00AAB7D9 /* UIImage+Alpha.m in Sources */,
				05AD719B16E336DF00AAB7D9 /* UIImage+Extensions.m in Sources */,
				05AD719C16E336DF00AAB7D9 /* UIImage+Resize.m in Sources */,
				05AD719D16E336DF00AAB7D9 /* UIImage+RoundedCorner.m in Sources */,
				05AD719E16E336DF00AAB7D9 /* UITableViewCell+Extensions.m in Sources */,
				05AD719F16E336DF00AAB7D9 /* UIView+Extensions.m in Sources */,
				05AD71A016E336DF00AAB7D9 /* DiagonalGestureRecognizer.m in Sources */,
				05AD71A116E336DF00AAB7D9 /* ParameterSliderView.m in Sources */,
				05AD71A216E336DF00AAB7D9 /* ProgressView.m in Sources */,
				05AD71A316E336DF00AAB7D9 /* RoundedCornersView.m in Sources */,
				05AD71A416E336DF00AAB7D9 /* StreamOfViews.m in Sources */,
				05AD71A516E336DF00AAB7D9 /* TransitionGestureRecognizer.m in Sources */,
				05AD71B516E3F44C00AAB7D9 /* UIImageJPEGDataTransformer.m in Sources */,
				05AD71B616E3F44C00AAB7D9 /* UIImagePNGDataTransformer.m in Sources */,
				05AD71B916E3F4BC00AAB7D9 /* shade.xcdatamodeld in Sources */,
				05AD71C416E3FB6F00AAB7D9 /* Camera+Extensions.m in Sources */,
				05AD71C716E3FB8400AAB7D9 /* Capture+Extensions.m in Sources */,
				05AD71D516E42FAC00AAB7D9 /* CameraFilter.m in Sources */,
				05AD71D816E42FE200AAB7D9 /* InstantCameraFilter.m in Sources */,
				05AD71DB16E4302000AAB7D9 /* BoxCameraFilter.m in Sources */,
				05AD71DE16E4306100AAB7D9 /* PlasticCameraFilter.m in Sources */,
				05AD71E116E473D600AAB7D9 /* PassThoughFilter.m in Sources */,
				058E983D16E5943300C4DDFA /* UIAlertView+Extensions.m in Sources */,
				058E985616E7043900C4DDFA /* ImageEntryView.m in Sources */,
				058D052416EBDCB8000506D7 /* Capture.m in Sources */,
				0590913016F19D2E006CA335 /* Camera.m in Sources */,
				0595A12316F3F5C300FDE8D4 /* CircleOfViews.m in Sources */,
			);
			runOnlyForDeploymentPostprocessing = 0;
		};
/* End PBXSourcesBuildPhase section */

/* Begin PBXTargetDependency section */
		058D051416EAE971000506D7 /* PBXTargetDependency */ = {
			isa = PBXTargetDependency;
			name = GPUImage;
			targetProxy = 058D051316EAE971000506D7 /* PBXContainerItemProxy */;
		};
/* End PBXTargetDependency section */

/* Begin PBXVariantGroup section */
		0534C98116E2F50400EAD481 /* InfoPlist.strings */ = {
			isa = PBXVariantGroup;
			children = (
				0534C98216E2F50400EAD481 /* en */,
			);
			name = InfoPlist.strings;
			sourceTree = "<group>";
		};
		0534C99316E2F50400EAD481 /* ViewController.xib */ = {
			isa = PBXVariantGroup;
			children = (
				0534C99416E2F50400EAD481 /* en */,
			);
			name = ViewController.xib;
			sourceTree = "<group>";
		};
/* End PBXVariantGroup section */

/* Begin XCBuildConfiguration section */
		0534C99616E2F50400EAD481 /* Debug */ = {
			isa = XCBuildConfiguration;
			buildSettings = {
				ALWAYS_SEARCH_USER_PATHS = NO;
				CLANG_CXX_LANGUAGE_STANDARD = "gnu++0x";
				CLANG_CXX_LIBRARY = "libc++";
				CLANG_ENABLE_OBJC_ARC = YES;
				CLANG_WARN_CONSTANT_CONVERSION = YES;
				CLANG_WARN_EMPTY_BODY = YES;
				CLANG_WARN_ENUM_CONVERSION = YES;
				CLANG_WARN_INT_CONVERSION = YES;
				CLANG_WARN__DUPLICATE_METHOD_MATCH = YES;
				"CODE_SIGN_IDENTITY[sdk=iphoneos*]" = "iPhone Developer";
				COPY_PHASE_STRIP = NO;
				GCC_C_LANGUAGE_STANDARD = gnu99;
				GCC_DYNAMIC_NO_PIC = NO;
				GCC_OPTIMIZATION_LEVEL = 0;
				GCC_PREPROCESSOR_DEFINITIONS = (
					"DEBUG=1",
					"$(inherited)",
				);
				GCC_SYMBOLS_PRIVATE_EXTERN = NO;
				GCC_WARN_ABOUT_RETURN_TYPE = YES;
				GCC_WARN_UNINITIALIZED_AUTOS = YES;
				GCC_WARN_UNUSED_VARIABLE = YES;
				IPHONEOS_DEPLOYMENT_TARGET = 6.1;
				ONLY_ACTIVE_ARCH = YES;
				SDKROOT = iphoneos;
			};
			name = Debug;
		};
		0534C99716E2F50400EAD481 /* Release */ = {
			isa = XCBuildConfiguration;
			buildSettings = {
				ALWAYS_SEARCH_USER_PATHS = NO;
				CLANG_CXX_LANGUAGE_STANDARD = "gnu++0x";
				CLANG_CXX_LIBRARY = "libc++";
				CLANG_ENABLE_OBJC_ARC = YES;
				CLANG_WARN_CONSTANT_CONVERSION = YES;
				CLANG_WARN_EMPTY_BODY = YES;
				CLANG_WARN_ENUM_CONVERSION = YES;
				CLANG_WARN_INT_CONVERSION = YES;
				CLANG_WARN__DUPLICATE_METHOD_MATCH = YES;
				"CODE_SIGN_IDENTITY[sdk=iphoneos*]" = "iPhone Developer";
				COPY_PHASE_STRIP = YES;
				GCC_C_LANGUAGE_STANDARD = gnu99;
				GCC_WARN_ABOUT_RETURN_TYPE = YES;
				GCC_WARN_UNINITIALIZED_AUTOS = YES;
				GCC_WARN_UNUSED_VARIABLE = YES;
				IPHONEOS_DEPLOYMENT_TARGET = 6.1;
				OTHER_CFLAGS = "-DNS_BLOCK_ASSERTIONS=1";
				SDKROOT = iphoneos;
				VALIDATE_PRODUCT = YES;
			};
			name = Release;
		};
		0534C99916E2F50400EAD481 /* Debug */ = {
			isa = XCBuildConfiguration;
			buildSettings = {
				ALWAYS_SEARCH_USER_PATHS = NO;
				GCC_PRECOMPILE_PREFIX_HEADER = YES;
				GCC_PREFIX_HEADER = "shade/shade-Prefix.pch";
				HEADER_SEARCH_PATHS = "External/GPUImage/framework/**";
				INFOPLIST_FILE = "shade/shade-Info.plist";
				OTHER_LDFLAGS = "-ObjC";
				PRODUCT_NAME = "$(TARGET_NAME)";
				WRAPPER_EXTENSION = app;
			};
			name = Debug;
		};
		0534C99A16E2F50400EAD481 /* Release */ = {
			isa = XCBuildConfiguration;
			buildSettings = {
				ALWAYS_SEARCH_USER_PATHS = NO;
				GCC_PRECOMPILE_PREFIX_HEADER = YES;
				GCC_PREFIX_HEADER = "shade/shade-Prefix.pch";
				HEADER_SEARCH_PATHS = "External/GPUImage/framework/**";
				INFOPLIST_FILE = "shade/shade-Info.plist";
				OTHER_LDFLAGS = "-ObjC";
				PRODUCT_NAME = "$(TARGET_NAME)";
				WRAPPER_EXTENSION = app;
			};
			name = Release;
		};
/* End XCBuildConfiguration section */

/* Begin XCConfigurationList section */
		0534C97016E2F50400EAD481 /* Build configuration list for PBXProject "shade" */ = {
			isa = XCConfigurationList;
			buildConfigurations = (
				0534C99616E2F50400EAD481 /* Debug */,
				0534C99716E2F50400EAD481 /* Release */,
			);
			defaultConfigurationIsVisible = 0;
			defaultConfigurationName = Release;
		};
		0534C99816E2F50400EAD481 /* Build configuration list for PBXNativeTarget "shade" */ = {
			isa = XCConfigurationList;
			buildConfigurations = (
				0534C99916E2F50400EAD481 /* Debug */,
				0534C99A16E2F50400EAD481 /* Release */,
			);
			defaultConfigurationIsVisible = 0;
			defaultConfigurationName = Release;
		};
/* End XCConfigurationList section */

/* Begin XCVersionGroup section */
		05AD71B716E3F4BB00AAB7D9 /* shade.xcdatamodeld */ = {
			isa = XCVersionGroup;
			children = (
				05AD71B816E3F4BB00AAB7D9 /* shade.xcdatamodel */,
			);
			currentVersion = 05AD71B816E3F4BB00AAB7D9 /* shade.xcdatamodel */;
			path = shade.xcdatamodeld;
			sourceTree = "<group>";
			versionGroupType = wrapper.xcdatamodel;
		};
/* End XCVersionGroup section */
	};
	rootObject = 0534C96D16E2F50400EAD481 /* Project object */;
}
